
Microsoft Visual Studio Solution File, Format Version 12.00
# Visual Studio Version 17
VisualStudioVersion = 17.9.34701.34
MinimumVisualStudioVersion = 10.0.40219.1
Project("{9A19103F-16F7-4668-BE54-9A1E7A4F7556}") = "Ookii.VmSockets", "Ookii.VmSockets\Ookii.VmSockets.csproj", "{33BCBA7E-2AB0-4A5F-9A19-FE4AD9B6006C}"
EndProject
Project("{2150E333-8FDC-42A3-9474-1A3956D46DE8}") = "Solution Items", "Solution Items", "{57294355-223D-46A7-9058-7238966DB0FA}"
	ProjectSection(SolutionItems) = preProject
		.editorconfig = .editorconfig
		Directory.Build.props = Directory.Build.props
	EndProjectSection
EndProject
Project("{9A19103F-16F7-4668-BE54-9A1E7A4F7556}") = "Ookii.VmSockets.Tests", "Ookii.VmSockets.Tests\Ookii.VmSockets.Tests.csproj", "{4B8C4D90-AF0C-4EB0-95BE-49CCA087CC35}"
EndProject
Project("{2150E333-8FDC-42A3-9474-1A3956D46DE8}") = "Samples", "Samples", "{83EA06EB-2AEC-4555-8684-F8C3B41E6D1F}"
EndProject
Project("{9A19103F-16F7-4668-BE54-9A1E7A4F7556}") = "HvSocketServer", "Samples\HvSocketServer\HvSocketServer.csproj", "{F866D8E8-1250-4499-B9AB-F61647CA6C41}"
EndProject
Project("{9A19103F-16F7-4668-BE54-9A1E7A4F7556}") = "HvSocketClient", "Samples\HvSocketClient\HvSocketClient.csproj", "{9C024BAD-EAE0-4844-9393-06454848172A}"
EndProject
Project("{FAE04EC0-301F-11D3-BF4B-00C04F79EFBC}") = "VSockServer", "Samples\VSockServer\VSockServer.csproj", "{00E72B2E-559D-4CE8-9D33-BC6D8138C39D}"
EndProject
Project("{FAE04EC0-301F-11D3-BF4B-00C04F79EFBC}") = "VSockClient", "Samples\VSockClient\VSockClient.csproj", "{6B33C43A-9941-4A04-92A9-644A6CC3C7F3}"
EndProject
Global
	GlobalSection(SolutionConfigurationPlatforms) = preSolution
		Debug|Any CPU = Debug|Any CPU
		Release|Any CPU = Release|Any CPU
	EndGlobalSection
	GlobalSection(ProjectConfigurationPlatforms) = postSolution
		{33BCBA7E-2AB0-4A5F-9A19-FE4AD9B6006C}.Debug|Any CPU.ActiveCfg = Debug|Any CPU
		{33BCBA7E-2AB0-4A5F-9A19-FE4AD9B6006C}.Debug|Any CPU.Build.0 = Debug|Any CPU
		{33BCBA7E-2AB0-4A5F-9A19-FE4AD9B6006C}.Release|Any CPU.ActiveCfg = Release|Any CPU
		{33BCBA7E-2AB0-4A5F-9A19-FE4AD9B6006C}.Release|Any CPU.Build.0 = Release|Any CPU
		{4B8C4D90-AF0C-4EB0-95BE-49CCA087CC35}.Debug|Any CPU.ActiveCfg = Debug|Any CPU
		{4B8C4D90-AF0C-4EB0-95BE-49CCA087CC35}.Debug|Any CPU.Build.0 = Debug|Any CPU
		{4B8C4D90-AF0C-4EB0-95BE-49CCA087CC35}.Release|Any CPU.ActiveCfg = Release|Any CPU
		{4B8C4D90-AF0C-4EB0-95BE-49CCA087CC35}.Release|Any CPU.Build.0 = Release|Any CPU
		{F866D8E8-1250-4499-B9AB-F61647CA6C41}.Debug|Any CPU.ActiveCfg = Debug|Any CPU
		{F866D8E8-1250-4499-B9AB-F61647CA6C41}.Debug|Any CPU.Build.0 = Debug|Any CPU
		{F866D8E8-1250-4499-B9AB-F61647CA6C41}.Release|Any CPU.ActiveCfg = Release|Any CPU
		{F866D8E8-1250-4499-B9AB-F61647CA6C41}.Release|Any CPU.Build.0 = Release|Any CPU
		{9C024BAD-EAE0-4844-9393-06454848172A}.Debug|Any CPU.ActiveCfg = Debug|Any CPU
		{9C024BAD-EAE0-4844-9393-06454848172A}.Debug|Any CPU.Build.0 = Debug|Any CPU
		{9C024BAD-EAE0-4844-9393-06454848172A}.Release|Any CPU.ActiveCfg = Release|Any CPU
		{9C024BAD-EAE0-4844-9393-06454848172A}.Release|Any CPU.Build.0 = Release|Any CPU
		{00E72B2E-559D-4CE8-9D33-BC6D8138C39D}.Debug|Any CPU.ActiveCfg = Debug|Any CPU
		{00E72B2E-559D-4CE8-9D33-BC6D8138C39D}.Debug|Any CPU.Build.0 = Debug|Any CPU
		{00E72B2E-559D-4CE8-9D33-BC6D8138C39D}.Release|Any CPU.ActiveCfg = Release|Any CPU
		{00E72B2E-559D-4CE8-9D33-BC6D8138C39D}.Release|Any CPU.Build.0 = Release|Any CPU
		{6B33C43A-9941-4A04-92A9-644A6CC3C7F3}.Debug|Any CPU.ActiveCfg = Debug|Any CPU
		{6B33C43A-9941-4A04-92A9-644A6CC3C7F3}.Debug|Any CPU.Build.0 = Debug|Any CPU
		{6B33C43A-9941-4A04-92A9-644A6CC3C7F3}.Release|Any CPU.ActiveCfg = Release|Any CPU
		{6B33C43A-9941-4A04-92A9-644A6CC3C7F3}.Release|Any CPU.Build.0 = Release|Any CPU
	EndGlobalSection
	GlobalSection(SolutionProperties) = preSolution
		HideSolutionNode = FALSE
	EndGlobalSection
	GlobalSection(NestedProjects) = preSolution
		{F866D8E8-1250-4499-B9AB-F61647CA6C41} = {83EA06EB-2AEC-4555-8684-F8C3B41E6D1F}
		{9C024BAD-EAE0-4844-9393-06454848172A} = {83EA06EB-2AEC-4555-8684-F8C3B41E6D1F}
		{00E72B2E-559D-4CE8-9D33-BC6D8138C39D} = {83EA06EB-2AEC-4555-8684-F8C3B41E6D1F}
		{6B33C43A-9941-4A04-92A9-644A6CC3C7F3} = {83EA06EB-2AEC-4555-8684-F8C3B41E6D1F}
	EndGlobalSection
	GlobalSection(ExtensibilityGlobals) = postSolution
		SolutionGuid = {054DCB01-E04B-4A78-B397-7234057F25BA}
	EndGlobalSection
EndGlobal
